
Microsoft Visual Studio Solution File, Format Version 12.00
# Visual Studio Version 17
VisualStudioVersion = 17.6.33815.320
MinimumVisualStudioVersion = 10.0.40219.1
Project("{9A19103F-16F7-4668-BE54-9A1E7A4F7556}") = "MazeMapper.Web.Application", "MazeMapper.Web.Application\MazeMapper.Web.Application.csproj", "{63C47421-D007-4699-A0AE-653F917FCFAD}"
EndProject
Project("{9A19103F-16F7-4668-BE54-9A1E7A4F7556}") = "MazeMapper.Core", "MazeMapper.Core\MazeMapper.Core.csproj", "{819CCDDA-876C-47F3-96EA-9DAE7CA11581}"
EndProject
Project("{9A19103F-16F7-4668-BE54-9A1E7A4F7556}") = "MazeMapper.Shared", "MazeMapper.Shared\MazeMapper.Shared.csproj", "{A5DA78F2-C1BB-49CD-9E61-AA403C68A4B3}"
EndProject
Project("{9A19103F-16F7-4668-BE54-9A1E7A4F7556}") = "MazeMapper.Domain", "MazeMapper.Domain\MazeMapper.Domain.csproj", "{8FDA6B3F-3D83-4789-9200-94D47FA90FD4}"
EndProject
Project("{2150E333-8FDC-42A3-9474-1A3956D46DE8}") = "Test.U", "Test.U", "{2552B426-543B-469C-B20B-C8F9D5A16D93}"
EndProject
Project("{9A19103F-16F7-4668-BE54-9A1E7A4F7556}") = "MazeMapper.Core.Test", "Test.U\MazeMapper.Core.Test\MazeMapper.Core.Test.csproj", "{DEC42856-2B96-4867-A387-271181E27C05}"
EndProject
Project("{FAE04EC0-301F-11D3-BF4B-00C04F79EFBC}") = "MazeMapper.Console.Application", "MazeMapper.Console.Application\MazeMapper.Console.Application.csproj", "{2E6E1F36-6A1D-446D-88A2-6519AC5DF030}"
EndProject
Global
	GlobalSection(SolutionConfigurationPlatforms) = preSolution
		Debug|Any CPU = Debug|Any CPU
		Release|Any CPU = Release|Any CPU
	EndGlobalSection
	GlobalSection(ProjectConfigurationPlatforms) = postSolution
		{63C47421-D007-4699-A0AE-653F917FCFAD}.Debug|Any CPU.ActiveCfg = Debug|Any CPU
		{63C47421-D007-4699-A0AE-653F917FCFAD}.Debug|Any CPU.Build.0 = Debug|Any CPU
		{63C47421-D007-4699-A0AE-653F917FCFAD}.Release|Any CPU.ActiveCfg = Release|Any CPU
		{63C47421-D007-4699-A0AE-653F917FCFAD}.Release|Any CPU.Build.0 = Release|Any CPU
		{819CCDDA-876C-47F3-96EA-9DAE7CA11581}.Debug|Any CPU.ActiveCfg = Debug|Any CPU
		{819CCDDA-876C-47F3-96EA-9DAE7CA11581}.Debug|Any CPU.Build.0 = Debug|Any CPU
		{819CCDDA-876C-47F3-96EA-9DAE7CA11581}.Release|Any CPU.ActiveCfg = Release|Any CPU
		{819CCDDA-876C-47F3-96EA-9DAE7CA11581}.Release|Any CPU.Build.0 = Release|Any CPU
		{A5DA78F2-C1BB-49CD-9E61-AA403C68A4B3}.Debug|Any CPU.ActiveCfg = Debug|Any CPU
		{A5DA78F2-C1BB-49CD-9E61-AA403C68A4B3}.Debug|Any CPU.Build.0 = Debug|Any CPU
		{A5DA78F2-C1BB-49CD-9E61-AA403C68A4B3}.Release|Any CPU.ActiveCfg = Release|Any CPU
		{A5DA78F2-C1BB-49CD-9E61-AA403C68A4B3}.Release|Any CPU.Build.0 = Release|Any CPU
		{8FDA6B3F-3D83-4789-9200-94D47FA90FD4}.Debug|Any CPU.ActiveCfg = Debug|Any CPU
		{8FDA6B3F-3D83-4789-9200-94D47FA90FD4}.Debug|Any CPU.Build.0 = Debug|Any CPU
		{8FDA6B3F-3D83-4789-9200-94D47FA90FD4}.Release|Any CPU.ActiveCfg = Release|Any CPU
		{8FDA6B3F-3D83-4789-9200-94D47FA90FD4}.Release|Any CPU.Build.0 = Release|Any CPU
		{DEC42856-2B96-4867-A387-271181E27C05}.Debug|Any CPU.ActiveCfg = Debug|Any CPU
		{DEC42856-2B96-4867-A387-271181E27C05}.Debug|Any CPU.Build.0 = Debug|Any CPU
		{DEC42856-2B96-4867-A387-271181E27C05}.Release|Any CPU.ActiveCfg = Release|Any CPU
		{DEC42856-2B96-4867-A387-271181E27C05}.Release|Any CPU.Build.0 = Release|Any CPU
		{2E6E1F36-6A1D-446D-88A2-6519AC5DF030}.Debug|Any CPU.ActiveCfg = Debug|Any CPU
		{2E6E1F36-6A1D-446D-88A2-6519AC5DF030}.Debug|Any CPU.Build.0 = Debug|Any CPU
		{2E6E1F36-6A1D-446D-88A2-6519AC5DF030}.Release|Any CPU.ActiveCfg = Release|Any CPU
		{2E6E1F36-6A1D-446D-88A2-6519AC5DF030}.Release|Any CPU.Build.0 = Release|Any CPU
	EndGlobalSection
	GlobalSection(SolutionProperties) = preSolution
		HideSolutionNode = FALSE
	EndGlobalSection
	GlobalSection(NestedProjects) = preSolution
		{DEC42856-2B96-4867-A387-271181E27C05} = {2552B426-543B-469C-B20B-C8F9D5A16D93}
	EndGlobalSection
	GlobalSection(ExtensibilityGlobals) = postSolution
		SolutionGuid = {C0C6A3B5-3718-4EEC-880A-B074A65FAB6A}
	EndGlobalSection
EndGlobal
